// !$*UTF8*$!
{
	archiveVersion = 1;
	classes = {
	};
	objectVersion = 55;
	objects = {

/* Begin PBXBuildFile section */
		1543FBFD290BA67800AA562F /* ChartView.swift in Sources */ = {isa = PBXBuildFile; fileRef = 1543FBFC290BA67800AA562F /* ChartView.swift */; };
		1543FBFF290BAD4500AA562F /* Date.swift in Sources */ = {isa = PBXBuildFile; fileRef = 1543FBFE290BAD4500AA562F /* Date.swift */; };
		1543FC01290C185D00AA562F /* String.swift in Sources */ = {isa = PBXBuildFile; fileRef = 1543FC00290C185D00AA562F /* String.swift */; };
		1543FC06290C20A200AA562F /* SettingsView.swift in Sources */ = {isa = PBXBuildFile; fileRef = 1543FC05290C20A200AA562F /* SettingsView.swift */; };
		1543FC0A290C676400AA562F /* Launch Screen.storyboard in Resources */ = {isa = PBXBuildFile; fileRef = 1543FC09290C676400AA562F /* Launch Screen.storyboard */; };
		1543FC0C290C6CF300AA562F /* LaunchView.swift in Sources */ = {isa = PBXBuildFile; fileRef = 1543FC0B290C6CF300AA562F /* LaunchView.swift */; };
		1546E26728FD463E002CE3CF /* CryptoAppApp.swift in Sources */ = {isa = PBXBuildFile; fileRef = 1546E26628FD463E002CE3CF /* CryptoAppApp.swift */; };
		1546E26B28FD4641002CE3CF /* Assets.xcassets in Resources */ = {isa = PBXBuildFile; fileRef = 1546E26A28FD4641002CE3CF /* Assets.xcassets */; };
		1546E26E28FD4641002CE3CF /* Preview Assets.xcassets in Resources */ = {isa = PBXBuildFile; fileRef = 1546E26D28FD4641002CE3CF /* Preview Assets.xcassets */; };
		1546E27628FD4710002CE3CF /* Color.swift in Sources */ = {isa = PBXBuildFile; fileRef = 1546E27528FD4710002CE3CF /* Color.swift */; };
		1546E27D28FD58AF002CE3CF /* HomeView.swift in Sources */ = {isa = PBXBuildFile; fileRef = 1546E27C28FD58AF002CE3CF /* HomeView.swift */; };
		1546E28128FD598C002CE3CF /* CircleButtonView.swift in Sources */ = {isa = PBXBuildFile; fileRef = 1546E28028FD598C002CE3CF /* CircleButtonView.swift */; };
		1546E28328FD5E56002CE3CF /* CircleButtonAnimationView.swift in Sources */ = {isa = PBXBuildFile; fileRef = 1546E28228FD5E55002CE3CF /* CircleButtonAnimationView.swift */; };
		1546E28728FDB92C002CE3CF /* CoinModel.swift in Sources */ = {isa = PBXBuildFile; fileRef = 1546E28628FDB92C002CE3CF /* CoinModel.swift */; };
		156907DA28FF071A0049737B /* CoinRowView.swift in Sources */ = {isa = PBXBuildFile; fileRef = 156907D928FF071A0049737B /* CoinRowView.swift */; };
		156907DC28FF075C0049737B /* PreviewProvider.swift in Sources */ = {isa = PBXBuildFile; fileRef = 156907DB28FF075C0049737B /* PreviewProvider.swift */; };
		156907DE28FF0C3A0049737B /* Double.swift in Sources */ = {isa = PBXBuildFile; fileRef = 156907DD28FF0C3A0049737B /* Double.swift */; };
		157FF7E629082BA9003206A6 /* HapticManager.swift in Sources */ = {isa = PBXBuildFile; fileRef = 157FF7E529082BA9003206A6 /* HapticManager.swift */; };
		15ABE66429067722001C38C6 /* MarketDataModel.swift in Sources */ = {isa = PBXBuildFile; fileRef = 15ABE66329067722001C38C6 /* MarketDataModel.swift */; };
		15ABE66629067928001C38C6 /* MarketDataService.swift in Sources */ = {isa = PBXBuildFile; fileRef = 15ABE66529067928001C38C6 /* MarketDataService.swift */; };
		15ABE6682906CD10001C38C6 /* PortfolioView.swift in Sources */ = {isa = PBXBuildFile; fileRef = 15ABE6672906CD10001C38C6 /* PortfolioView.swift */; };
		15ABE66B2906CF00001C38C6 /* XMarkButton.swift in Sources */ = {isa = PBXBuildFile; fileRef = 15ABE66A2906CF00001C38C6 /* XMarkButton.swift */; };
		15ABE66D2906D1DE001C38C6 /* CoinLogoView.swift in Sources */ = {isa = PBXBuildFile; fileRef = 15ABE66C2906D1DD001C38C6 /* CoinLogoView.swift */; };
		15ABE670290708E1001C38C6 /* PortfolioContainer.xcdatamodeld in Sources */ = {isa = PBXBuildFile; fileRef = 15ABE66E290708E1001C38C6 /* PortfolioContainer.xcdatamodeld */; };
		15ABE67229070980001C38C6 /* PortfolioDataService.swift in Sources */ = {isa = PBXBuildFile; fileRef = 15ABE67129070980001C38C6 /* PortfolioDataService.swift */; };
		15AF3A502901598700325728 /* HomeViewModel.swift in Sources */ = {isa = PBXBuildFile; fileRef = 15AF3A4F2901598700325728 /* HomeViewModel.swift */; };
		15AF3A532901867800325728 /* CoinDataService.swift in Sources */ = {isa = PBXBuildFile; fileRef = 15AF3A522901867800325728 /* CoinDataService.swift */; };
		15AF3A562902805A00325728 /* NetworkingManager.swift in Sources */ = {isa = PBXBuildFile; fileRef = 15AF3A552902805A00325728 /* NetworkingManager.swift */; };
		15AF3A5B290285DC00325728 /* CoinImageView.swift in Sources */ = {isa = PBXBuildFile; fileRef = 15AF3A5A290285DC00325728 /* CoinImageView.swift */; };
		15AF3A5E2902863600325728 /* CoinImageViewModel.swift in Sources */ = {isa = PBXBuildFile; fileRef = 15AF3A5D2902863600325728 /* CoinImageViewModel.swift */; };
		15AF3A60290287CD00325728 /* CoinImageService.swift in Sources */ = {isa = PBXBuildFile; fileRef = 15AF3A5F290287CD00325728 /* CoinImageService.swift */; };
		15AF3A622903F8CB00325728 /* LocalFileManager.swift in Sources */ = {isa = PBXBuildFile; fileRef = 15AF3A612903F8CB00325728 /* LocalFileManager.swift */; };
		15AF3A65290411A400325728 /* SearchBarView.swift in Sources */ = {isa = PBXBuildFile; fileRef = 15AF3A64290411A400325728 /* SearchBarView.swift */; };
		15AF3A67290416AE00325728 /* UIApplication.swift in Sources */ = {isa = PBXBuildFile; fileRef = 15AF3A66290416AE00325728 /* UIApplication.swift */; };
		15B0721C290A32B300ACD792 /* CoinDetailModel.swift in Sources */ = {isa = PBXBuildFile; fileRef = 15B0721B290A32B300ACD792 /* CoinDetailModel.swift */; };
		15B0721E290A34E600ACD792 /* DetailViewModel.swift in Sources */ = {isa = PBXBuildFile; fileRef = 15B0721D290A34E600ACD792 /* DetailViewModel.swift */; };
		15B07220290A351300ACD792 /* CoinDetailDataService.swift in Sources */ = {isa = PBXBuildFile; fileRef = 15B0721F290A351300ACD792 /* CoinDetailDataService.swift */; };
		15E6763C2905AA1800795784 /* StatisticModel.swift in Sources */ = {isa = PBXBuildFile; fileRef = 15E6763B2905AA1800795784 /* StatisticModel.swift */; };
		15E6763F2905AB6F00795784 /* StatisticView.swift in Sources */ = {isa = PBXBuildFile; fileRef = 15E6763E2905AB6F00795784 /* StatisticView.swift */; };
		15E676412905AFFC00795784 /* HomeStatsView.swift in Sources */ = {isa = PBXBuildFile; fileRef = 15E676402905AFFC00795784 /* HomeStatsView.swift */; };
		15EEBA27290968CD00E4C339 /* DetailView.swift in Sources */ = {isa = PBXBuildFile; fileRef = 15EEBA26290968CD00E4C339 /* DetailView.swift */; };
		15EEBA292909703C00E4C339 /* DetailLoadingView.swift in Sources */ = {isa = PBXBuildFile; fileRef = 15EEBA282909703C00E4C339 /* DetailLoadingView.swift */; };
/* End PBXBuildFile section */

/* Begin PBXFileReference section */
		1543FBFC290BA67800AA562F /* ChartView.swift */ = {isa = PBXFileReference; lastKnownFileType = sourcecode.swift; path = ChartView.swift; sourceTree = "<group>"; };
		1543FBFE290BAD4500AA562F /* Date.swift */ = {isa = PBXFileReference; lastKnownFileType = sourcecode.swift; path = Date.swift; sourceTree = "<group>"; };
		1543FC00290C185D00AA562F /* String.swift */ = {isa = PBXFileReference; lastKnownFileType = sourcecode.swift; path = String.swift; sourceTree = "<group>"; };
		1543FC05290C20A200AA562F /* SettingsView.swift */ = {isa = PBXFileReference; lastKnownFileType = sourcecode.swift; path = SettingsView.swift; sourceTree = "<group>"; };
		1543FC09290C676400AA562F /* Launch Screen.storyboard */ = {isa = PBXFileReference; lastKnownFileType = file.storyboard; path = "Launch Screen.storyboard"; sourceTree = "<group>"; };
		1543FC0B290C6CF300AA562F /* LaunchView.swift */ = {isa = PBXFileReference; lastKnownFileType = sourcecode.swift; path = LaunchView.swift; sourceTree = "<group>"; };
		1546E26328FD463E002CE3CF /* Crypto Tracker.app */ = {isa = PBXFileReference; explicitFileType = wrapper.application; includeInIndex = 0; path = "Crypto Tracker.app"; sourceTree = BUILT_PRODUCTS_DIR; };
		1546E26628FD463E002CE3CF /* CryptoAppApp.swift */ = {isa = PBXFileReference; lastKnownFileType = sourcecode.swift; path = CryptoAppApp.swift; sourceTree = "<group>"; };
		1546E26A28FD4641002CE3CF /* Assets.xcassets */ = {isa = PBXFileReference; lastKnownFileType = folder.assetcatalog; path = Assets.xcassets; sourceTree = "<group>"; };
		1546E26D28FD4641002CE3CF /* Preview Assets.xcassets */ = {isa = PBXFileReference; lastKnownFileType = folder.assetcatalog; path = "Preview Assets.xcassets"; sourceTree = "<group>"; };
		1546E27528FD4710002CE3CF /* Color.swift */ = {isa = PBXFileReference; lastKnownFileType = sourcecode.swift; path = Color.swift; sourceTree = "<group>"; };
		1546E27C28FD58AF002CE3CF /* HomeView.swift */ = {isa = PBXFileReference; lastKnownFileType = sourcecode.swift; path = HomeView.swift; sourceTree = "<group>"; };
		1546E28028FD598C002CE3CF /* CircleButtonView.swift */ = {isa = PBXFileReference; lastKnownFileType = sourcecode.swift; path = CircleButtonView.swift; sourceTree = "<group>"; };
		1546E28228FD5E55002CE3CF /* CircleButtonAnimationView.swift */ = {isa = PBXFileReference; lastKnownFileType = sourcecode.swift; path = CircleButtonAnimationView.swift; sourceTree = "<group>"; };
		1546E28628FDB92C002CE3CF /* CoinModel.swift */ = {isa = PBXFileReference; lastKnownFileType = sourcecode.swift; path = CoinModel.swift; sourceTree = "<group>"; };
		156907D928FF071A0049737B /* CoinRowView.swift */ = {isa = PBXFileReference; lastKnownFileType = sourcecode.swift; path = CoinRowView.swift; sourceTree = "<group>"; };
		156907DB28FF075C0049737B /* PreviewProvider.swift */ = {isa = PBXFileReference; lastKnownFileType = sourcecode.swift; path = PreviewProvider.swift; sourceTree = "<group>"; };
		156907DD28FF0C3A0049737B /* Double.swift */ = {isa = PBXFileReference; lastKnownFileType = sourcecode.swift; path = Double.swift; sourceTree = "<group>"; };
		157FF7E529082BA9003206A6 /* HapticManager.swift */ = {isa = PBXFileReference; lastKnownFileType = sourcecode.swift; path = HapticManager.swift; sourceTree = "<group>"; };
		15ABE66329067722001C38C6 /* MarketDataModel.swift */ = {isa = PBXFileReference; lastKnownFileType = sourcecode.swift; path = MarketDataModel.swift; sourceTree = "<group>"; };
		15ABE66529067928001C38C6 /* MarketDataService.swift */ = {isa = PBXFileReference; lastKnownFileType = sourcecode.swift; path = MarketDataService.swift; sourceTree = "<group>"; };
		15ABE6672906CD10001C38C6 /* PortfolioView.swift */ = {isa = PBXFileReference; lastKnownFileType = sourcecode.swift; path = PortfolioView.swift; sourceTree = "<group>"; };
		15ABE66A2906CF00001C38C6 /* XMarkButton.swift */ = {isa = PBXFileReference; lastKnownFileType = sourcecode.swift; path = XMarkButton.swift; sourceTree = "<group>"; };
		15ABE66C2906D1DD001C38C6 /* CoinLogoView.swift */ = {isa = PBXFileReference; lastKnownFileType = sourcecode.swift; path = CoinLogoView.swift; sourceTree = "<group>"; };
		15ABE66F290708E1001C38C6 /* PortfolioContainer.xcdatamodel */ = {isa = PBXFileReference; lastKnownFileType = wrapper.xcdatamodel; path = PortfolioContainer.xcdatamodel; sourceTree = "<group>"; };
		15ABE67129070980001C38C6 /* PortfolioDataService.swift */ = {isa = PBXFileReference; lastKnownFileType = sourcecode.swift; path = PortfolioDataService.swift; sourceTree = "<group>"; };
		15AF3A4F2901598700325728 /* HomeViewModel.swift */ = {isa = PBXFileReference; lastKnownFileType = sourcecode.swift; path = HomeViewModel.swift; sourceTree = "<group>"; };
		15AF3A522901867800325728 /* CoinDataService.swift */ = {isa = PBXFileReference; lastKnownFileType = sourcecode.swift; path = CoinDataService.swift; sourceTree = "<group>"; };
		15AF3A552902805A00325728 /* NetworkingManager.swift */ = {isa = PBXFileReference; lastKnownFileType = sourcecode.swift; path = NetworkingManager.swift; sourceTree = "<group>"; };
		15AF3A5A290285DC00325728 /* CoinImageView.swift */ = {isa = PBXFileReference; lastKnownFileType = sourcecode.swift; path = CoinImageView.swift; sourceTree = "<group>"; };
		15AF3A5D2902863600325728 /* CoinImageViewModel.swift */ = {isa = PBXFileReference; lastKnownFileType = sourcecode.swift; path = CoinImageViewModel.swift; sourceTree = "<group>"; };
		15AF3A5F290287CD00325728 /* CoinImageService.swift */ = {isa = PBXFileReference; lastKnownFileType = sourcecode.swift; path = CoinImageService.swift; sourceTree = "<group>"; };
		15AF3A612903F8CB00325728 /* LocalFileManager.swift */ = {isa = PBXFileReference; lastKnownFileType = sourcecode.swift; path = LocalFileManager.swift; sourceTree = "<group>"; };
		15AF3A64290411A400325728 /* SearchBarView.swift */ = {isa = PBXFileReference; lastKnownFileType = sourcecode.swift; path = SearchBarView.swift; sourceTree = "<group>"; };
		15AF3A66290416AE00325728 /* UIApplication.swift */ = {isa = PBXFileReference; lastKnownFileType = sourcecode.swift; path = UIApplication.swift; sourceTree = "<group>"; };
		15B0721B290A32B300ACD792 /* CoinDetailModel.swift */ = {isa = PBXFileReference; lastKnownFileType = sourcecode.swift; path = CoinDetailModel.swift; sourceTree = "<group>"; };
		15B0721D290A34E600ACD792 /* DetailViewModel.swift */ = {isa = PBXFileReference; lastKnownFileType = sourcecode.swift; path = DetailViewModel.swift; sourceTree = "<group>"; };
		15B0721F290A351300ACD792 /* CoinDetailDataService.swift */ = {isa = PBXFileReference; lastKnownFileType = sourcecode.swift; path = CoinDetailDataService.swift; sourceTree = "<group>"; };
		15E6763B2905AA1800795784 /* StatisticModel.swift */ = {isa = PBXFileReference; lastKnownFileType = sourcecode.swift; path = StatisticModel.swift; sourceTree = "<group>"; };
		15E6763E2905AB6F00795784 /* StatisticView.swift */ = {isa = PBXFileReference; lastKnownFileType = sourcecode.swift; path = StatisticView.swift; sourceTree = "<group>"; };
		15E676402905AFFC00795784 /* HomeStatsView.swift */ = {isa = PBXFileReference; lastKnownFileType = sourcecode.swift; path = HomeStatsView.swift; sourceTree = "<group>"; };
		15EEBA26290968CD00E4C339 /* DetailView.swift */ = {isa = PBXFileReference; lastKnownFileType = sourcecode.swift; path = DetailView.swift; sourceTree = "<group>"; };
		15EEBA282909703C00E4C339 /* DetailLoadingView.swift */ = {isa = PBXFileReference; lastKnownFileType = sourcecode.swift; path = DetailLoadingView.swift; sourceTree = "<group>"; };
/* End PBXFileReference section */

/* Begin PBXFrameworksBuildPhase section */
		1546E26028FD463E002CE3CF /* Frameworks */ = {
			isa = PBXFrameworksBuildPhase;
			buildActionMask = 2147483647;
			files = (
			);
			runOnlyForDeploymentPostprocessing = 0;
		};
/* End PBXFrameworksBuildPhase section */

/* Begin PBXGroup section */
		1543FC02290C207700AA562F /* Settings */ = {
			isa = PBXGroup;
			children = (
				1543FC04290C209300AA562F /* ViewModel */,
				1543FC03290C208F00AA562F /* Views */,
			);
			path = Settings;
			sourceTree = "<group>";
		};
		1543FC03290C208F00AA562F /* Views */ = {
			isa = PBXGroup;
			children = (
				1543FC05290C20A200AA562F /* SettingsView.swift */,
			);
			path = Views;
			sourceTree = "<group>";
		};
		1543FC04290C209300AA562F /* ViewModel */ = {
			isa = PBXGroup;
			children = (
			);
			path = ViewModel;
			sourceTree = "<group>";
		};
		1543FC07290C673600AA562F /* Launch */ = {
			isa = PBXGroup;
			children = (
				1543FC08290C673B00AA562F /* View */,
			);
			path = Launch;
			sourceTree = "<group>";
		};
		1543FC08290C673B00AA562F /* View */ = {
			isa = PBXGroup;
			children = (
				1543FC09290C676400AA562F /* Launch Screen.storyboard */,
				1543FC0B290C6CF300AA562F /* LaunchView.swift */,
			);
			path = View;
			sourceTree = "<group>";
		};
		1546E25A28FD463E002CE3CF = {
			isa = PBXGroup;
			children = (
				1546E26528FD463E002CE3CF /* CryptoApp */,
				1546E26428FD463E002CE3CF /* Products */,
			);
			sourceTree = "<group>";
		};
		1546E26428FD463E002CE3CF /* Products */ = {
			isa = PBXGroup;
			children = (
				1546E26328FD463E002CE3CF /* Crypto Tracker.app */,
			);
			name = Products;
			sourceTree = "<group>";
		};
		1546E26528FD463E002CE3CF /* CryptoApp */ = {
			isa = PBXGroup;
			children = (
				1546E26628FD463E002CE3CF /* CryptoAppApp.swift */,
				15AF3A542902803900325728 /* Utilities */,
				1546E28528FDB917002CE3CF /* Models */,
				1546E27428FD4705002CE3CF /* Extentions */,
				15AF3A512901865E00325728 /* Services */,
				1546E27728FD586F002CE3CF /* Core */,
				1546E26A28FD4641002CE3CF /* Assets.xcassets */,
				1546E26C28FD4641002CE3CF /* Preview Content */,
			);
			path = CryptoApp;
			sourceTree = "<group>";
		};
		1546E26C28FD4641002CE3CF /* Preview Content */ = {
			isa = PBXGroup;
			children = (
				1546E26D28FD4641002CE3CF /* Preview Assets.xcassets */,
			);
			path = "Preview Content";
			sourceTree = "<group>";
		};
		1546E27428FD4705002CE3CF /* Extentions */ = {
			isa = PBXGroup;
			children = (
				156907DD28FF0C3A0049737B /* Double.swift */,
				156907DB28FF075C0049737B /* PreviewProvider.swift */,
				1546E27528FD4710002CE3CF /* Color.swift */,
				15AF3A66290416AE00325728 /* UIApplication.swift */,
				1543FBFE290BAD4500AA562F /* Date.swift */,
				1543FC00290C185D00AA562F /* String.swift */,
			);
			path = Extentions;
			sourceTree = "<group>";
		};
		1546E27728FD586F002CE3CF /* Core */ = {
			isa = PBXGroup;
			children = (
				1543FC07290C673600AA562F /* Launch */,
				1546E27E28FD596A002CE3CF /* Components */,
				15EEBA232909685800E4C339 /* Detail */,
				1546E27828FD587C002CE3CF /* Home */,
				1543FC02290C207700AA562F /* Settings */,
			);
			path = Core;
			sourceTree = "<group>";
		};
		1546E27828FD587C002CE3CF /* Home */ = {
			isa = PBXGroup;
			children = (
				1546E27A28FD588F002CE3CF /* ViewModel */,
				1546E27928FD588A002CE3CF /* Views */,
			);
			path = Home;
			sourceTree = "<group>";
		};
		1546E27928FD588A002CE3CF /* Views */ = {
			isa = PBXGroup;
			children = (
				1546E27C28FD58AF002CE3CF /* HomeView.swift */,
				156907D928FF071A0049737B /* CoinRowView.swift */,
				15E676402905AFFC00795784 /* HomeStatsView.swift */,
				15ABE6672906CD10001C38C6 /* PortfolioView.swift */,
			);
			path = Views;
			sourceTree = "<group>";
		};
		1546E27A28FD588F002CE3CF /* ViewModel */ = {
			isa = PBXGroup;
			children = (
				15AF3A4F2901598700325728 /* HomeViewModel.swift */,
			);
			path = ViewModel;
			sourceTree = "<group>";
		};
		1546E27E28FD596A002CE3CF /* Components */ = {
			isa = PBXGroup;
			children = (
				15ABE6692906CEEF001C38C6 /* XMarkButton */,
				15E6763D2905AB5E00795784 /* StatisticView */,
				15AF3A632904119100325728 /* SearchVIew */,
				15AF3A57290285A500325728 /* CoinImage */,
				1546E27F28FD5979002CE3CF /* CircleButton */,
			);
			path = Components;
			sourceTree = "<group>";
		};
		1546E27F28FD5979002CE3CF /* CircleButton */ = {
			isa = PBXGroup;
			children = (
				1546E28028FD598C002CE3CF /* CircleButtonView.swift */,
				1546E28228FD5E55002CE3CF /* CircleButtonAnimationView.swift */,
			);
			path = CircleButton;
			sourceTree = "<group>";
		};
		1546E28528FDB917002CE3CF /* Models */ = {
			isa = PBXGroup;
			children = (
				1546E28628FDB92C002CE3CF /* CoinModel.swift */,
				15E6763B2905AA1800795784 /* StatisticModel.swift */,
				15ABE66329067722001C38C6 /* MarketDataModel.swift */,
				15ABE66E290708E1001C38C6 /* PortfolioContainer.xcdatamodeld */,
				15B0721B290A32B300ACD792 /* CoinDetailModel.swift */,
			);
			path = Models;
			sourceTree = "<group>";
		};
		15ABE6692906CEEF001C38C6 /* XMarkButton */ = {
			isa = PBXGroup;
			children = (
				15ABE66A2906CF00001C38C6 /* XMarkButton.swift */,
			);
			path = XMarkButton;
			sourceTree = "<group>";
		};
		15AF3A512901865E00325728 /* Services */ = {
			isa = PBXGroup;
			children = (
				15AF3A522901867800325728 /* CoinDataService.swift */,
				15AF3A5F290287CD00325728 /* CoinImageService.swift */,
				15ABE66529067928001C38C6 /* MarketDataService.swift */,
				15ABE67129070980001C38C6 /* PortfolioDataService.swift */,
				15B0721F290A351300ACD792 /* CoinDetailDataService.swift */,
			);
			path = Services;
			sourceTree = "<group>";
		};
		15AF3A542902803900325728 /* Utilities */ = {
			isa = PBXGroup;
			children = (
				15AF3A552902805A00325728 /* NetworkingManager.swift */,
				15AF3A612903F8CB00325728 /* LocalFileManager.swift */,
				157FF7E529082BA9003206A6 /* HapticManager.swift */,
			);
			path = Utilities;
			sourceTree = "<group>";
		};
		15AF3A57290285A500325728 /* CoinImage */ = {
			isa = PBXGroup;
			children = (
				15AF3A5C2902862300325728 /* ViewModel */,
				15AF3A5A290285DC00325728 /* CoinImageView.swift */,
				15ABE66C2906D1DD001C38C6 /* CoinLogoView.swift */,
			);
			path = CoinImage;
			sourceTree = "<group>";
		};
		15AF3A5C2902862300325728 /* ViewModel */ = {
			isa = PBXGroup;
			children = (
				15AF3A5D2902863600325728 /* CoinImageViewModel.swift */,
			);
			path = ViewModel;
			sourceTree = "<group>";
		};
		15AF3A632904119100325728 /* SearchVIew */ = {
			isa = PBXGroup;
			children = (
				15AF3A64290411A400325728 /* SearchBarView.swift */,
			);
			path = SearchVIew;
			sourceTree = "<group>";
		};
		15E6763D2905AB5E00795784 /* StatisticView */ = {
			isa = PBXGroup;
			children = (
				15E6763E2905AB6F00795784 /* StatisticView.swift */,
			);
			path = StatisticView;
			sourceTree = "<group>";
		};
		15EEBA232909685800E4C339 /* Detail */ = {
			isa = PBXGroup;
			children = (
				15EEBA25290968BD00E4C339 /* ViewModel */,
				15EEBA24290968B800E4C339 /* View */,
			);
			path = Detail;
			sourceTree = "<group>";
		};
		15EEBA24290968B800E4C339 /* View */ = {
			isa = PBXGroup;
			children = (
				15EEBA26290968CD00E4C339 /* DetailView.swift */,
				15EEBA282909703C00E4C339 /* DetailLoadingView.swift */,
				1543FBFC290BA67800AA562F /* ChartView.swift */,
			);
			path = View;
			sourceTree = "<group>";
		};
		15EEBA25290968BD00E4C339 /* ViewModel */ = {
			isa = PBXGroup;
			children = (
				15B0721D290A34E600ACD792 /* DetailViewModel.swift */,
			);
			path = ViewModel;
			sourceTree = "<group>";
		};
/* End PBXGroup section */

/* Begin PBXNativeTarget section */
		1546E26228FD463E002CE3CF /* CryptoApp */ = {
			isa = PBXNativeTarget;
			buildConfigurationList = 1546E27128FD4641002CE3CF /* Build configuration list for PBXNativeTarget "CryptoApp" */;
			buildPhases = (
				1546E25F28FD463E002CE3CF /* Sources */,
				1546E26028FD463E002CE3CF /* Frameworks */,
				1546E26128FD463E002CE3CF /* Resources */,
			);
			buildRules = (
			);
			dependencies = (
			);
			name = CryptoApp;
			productName = CryptoApp;
			productReference = 1546E26328FD463E002CE3CF /* Crypto Tracker.app */;
			productType = "com.apple.product-type.application";
		};
/* End PBXNativeTarget section */

/* Begin PBXProject section */
		1546E25B28FD463E002CE3CF /* Project object */ = {
			isa = PBXProject;
			attributes = {
				BuildIndependentTargetsInParallel = 1;
				LastSwiftUpdateCheck = 1330;
				LastUpgradeCheck = 1330;
				TargetAttributes = {
					1546E26228FD463E002CE3CF = {
						CreatedOnToolsVersion = 13.3.1;
					};
				};
			};
			buildConfigurationList = 1546E25E28FD463E002CE3CF /* Build configuration list for PBXProject "CryptoApp" */;
			compatibilityVersion = "Xcode 13.0";
			developmentRegion = en;
			hasScannedForEncodings = 0;
			knownRegions = (
				en,
				Base,
			);
			mainGroup = 1546E25A28FD463E002CE3CF;
			productRefGroup = 1546E26428FD463E002CE3CF /* Products */;
			projectDirPath = "";
			projectRoot = "";
			targets = (
				1546E26228FD463E002CE3CF /* CryptoApp */,
			);
		};
/* End PBXProject section */

/* Begin PBXResourcesBuildPhase section */
		1546E26128FD463E002CE3CF /* Resources */ = {
			isa = PBXResourcesBuildPhase;
			buildActionMask = 2147483647;
			files = (
				1543FC0A290C676400AA562F /* Launch Screen.storyboard in Resources */,
				1546E26E28FD4641002CE3CF /* Preview Assets.xcassets in Resources */,
				1546E26B28FD4641002CE3CF /* Assets.xcassets in Resources */,
			);
			runOnlyForDeploymentPostprocessing = 0;
		};
/* End PBXResourcesBuildPhase section */

/* Begin PBXSourcesBuildPhase section */
		1546E25F28FD463E002CE3CF /* Sources */ = {
			isa = PBXSourcesBuildPhase;
			buildActionMask = 2147483647;
			files = (
				1543FC01290C185D00AA562F /* String.swift in Sources */,
				1543FC0C290C6CF300AA562F /* LaunchView.swift in Sources */,
				15ABE670290708E1001C38C6 /* PortfolioContainer.xcdatamodeld in Sources */,
				15E6763C2905AA1800795784 /* StatisticModel.swift in Sources */,
				15AF3A5E2902863600325728 /* CoinImageViewModel.swift in Sources */,
				15AF3A532901867800325728 /* CoinDataService.swift in Sources */,
				15ABE66B2906CF00001C38C6 /* XMarkButton.swift in Sources */,
				156907DA28FF071A0049737B /* CoinRowView.swift in Sources */,
				15AF3A502901598700325728 /* HomeViewModel.swift in Sources */,
				15B0721C290A32B300ACD792 /* CoinDetailModel.swift in Sources */,
				15AF3A622903F8CB00325728 /* LocalFileManager.swift in Sources */,
				15ABE66429067722001C38C6 /* MarketDataModel.swift in Sources */,
				15AF3A562902805A00325728 /* NetworkingManager.swift in Sources */,
				15E6763F2905AB6F00795784 /* StatisticView.swift in Sources */,
				15AF3A5B290285DC00325728 /* CoinImageView.swift in Sources */,
				15AF3A67290416AE00325728 /* UIApplication.swift in Sources */,
				1546E27D28FD58AF002CE3CF /* HomeView.swift in Sources */,
				1546E26728FD463E002CE3CF /* CryptoAppApp.swift in Sources */,
				15B0721E290A34E600ACD792 /* DetailViewModel.swift in Sources */,
				15EEBA27290968CD00E4C339 /* DetailView.swift in Sources */,
				157FF7E629082BA9003206A6 /* HapticManager.swift in Sources */,
				1543FC06290C20A200AA562F /* SettingsView.swift in Sources */,
				15AF3A65290411A400325728 /* SearchBarView.swift in Sources */,
				1546E28128FD598C002CE3CF /* CircleButtonView.swift in Sources */,
				15ABE66D2906D1DE001C38C6 /* CoinLogoView.swift in Sources */,
				1543FBFD290BA67800AA562F /* ChartView.swift in Sources */,
				15E676412905AFFC00795784 /* HomeStatsView.swift in Sources */,
				15ABE66629067928001C38C6 /* MarketDataService.swift in Sources */,
				1546E27628FD4710002CE3CF /* Color.swift in Sources */,
				15B07220290A351300ACD792 /* CoinDetailDataService.swift in Sources */,
				1546E28328FD5E56002CE3CF /* CircleButtonAnimationView.swift in Sources */,
				156907DC28FF075C0049737B /* PreviewProvider.swift in Sources */,
				15ABE6682906CD10001C38C6 /* PortfolioView.swift in Sources */,
				1543FBFF290BAD4500AA562F /* Date.swift in Sources */,
				156907DE28FF0C3A0049737B /* Double.swift in Sources */,
				15AF3A60290287CD00325728 /* CoinImageService.swift in Sources */,
				1546E28728FDB92C002CE3CF /* CoinModel.swift in Sources */,
				15EEBA292909703C00E4C339 /* DetailLoadingView.swift in Sources */,
				15ABE67229070980001C38C6 /* PortfolioDataService.swift in Sources */,
			);
			runOnlyForDeploymentPostprocessing = 0;
		};
/* End PBXSourcesBuildPhase section */

/* Begin XCBuildConfiguration section */
		1546E26F28FD4641002CE3CF /* Debug */ = {
			isa = XCBuildConfiguration;
			buildSettings = {
				ALWAYS_SEARCH_USER_PATHS = NO;
				CLANG_ANALYZER_NONNULL = YES;
				CLANG_ANALYZER_NUMBER_OBJECT_CONVERSION = YES_AGGRESSIVE;
				CLANG_CXX_LANGUAGE_STANDARD = "gnu++17";
				CLANG_ENABLE_MODULES = YES;
				CLANG_ENABLE_OBJC_ARC = YES;
				CLANG_ENABLE_OBJC_WEAK = YES;
				CLANG_WARN_BLOCK_CAPTURE_AUTORELEASING = YES;
				CLANG_WARN_BOOL_CONVERSION = YES;
				CLANG_WARN_COMMA = YES;
				CLANG_WARN_CONSTANT_CONVERSION = YES;
				CLANG_WARN_DEPRECATED_OBJC_IMPLEMENTATIONS = YES;
				CLANG_WARN_DIRECT_OBJC_ISA_USAGE = YES_ERROR;
				CLANG_WARN_DOCUMENTATION_COMMENTS = YES;
				CLANG_WARN_EMPTY_BODY = YES;
				CLANG_WARN_ENUM_CONVERSION = YES;
				CLANG_WARN_INFINITE_RECURSION = YES;
				CLANG_WARN_INT_CONVERSION = YES;
				CLANG_WARN_NON_LITERAL_NULL_CONVERSION = YES;
				CLANG_WARN_OBJC_IMPLICIT_RETAIN_SELF = YES;
				CLANG_WARN_OBJC_LITERAL_CONVERSION = YES;
				CLANG_WARN_OBJC_ROOT_CLASS = YES_ERROR;
				CLANG_WARN_QUOTED_INCLUDE_IN_FRAMEWORK_HEADER = YES;
				CLANG_WARN_RANGE_LOOP_ANALYSIS = YES;
				CLANG_WARN_STRICT_PROTOTYPES = YES;
				CLANG_WARN_SUSPICIOUS_MOVE = YES;
				CLANG_WARN_UNGUARDED_AVAILABILITY = YES_AGGRESSIVE;
				CLANG_WARN_UNREACHABLE_CODE = YES;
				CLANG_WARN__DUPLICATE_METHOD_MATCH = YES;
				COPY_PHASE_STRIP = NO;
				DEBUG_INFORMATION_FORMAT = dwarf;
				ENABLE_STRICT_OBJC_MSGSEND = YES;
				ENABLE_TESTABILITY = YES;
				GCC_C_LANGUAGE_STANDARD = gnu11;
				GCC_DYNAMIC_NO_PIC = NO;
				GCC_NO_COMMON_BLOCKS = YES;
				GCC_OPTIMIZATION_LEVEL = 0;
				GCC_PREPROCESSOR_DEFINITIONS = (
					"DEBUG=1",
					"$(inherited)",
				);
				GCC_WARN_64_TO_32_BIT_CONVERSION = YES;
				GCC_WARN_ABOUT_RETURN_TYPE = YES_ERROR;
				GCC_WARN_UNDECLARED_SELECTOR = YES;
				GCC_WARN_UNINITIALIZED_AUTOS = YES_AGGRESSIVE;
				GCC_WARN_UNUSED_FUNCTION = YES;
				GCC_WARN_UNUSED_VARIABLE = YES;
				IPHONEOS_DEPLOYMENT_TARGET = 15.4;
				MTL_ENABLE_DEBUG_INFO = INCLUDE_SOURCE;
				MTL_FAST_MATH = YES;
				ONLY_ACTIVE_ARCH = YES;
				SDKROOT = iphoneos;
				SWIFT_ACTIVE_COMPILATION_CONDITIONS = DEBUG;
				SWIFT_OPTIMIZATION_LEVEL = "-Onone";
			};
			name = Debug;
		};
		1546E27028FD4641002CE3CF /* Release */ = {
			isa = XCBuildConfiguration;
			buildSettings = {
				ALWAYS_SEARCH_USER_PATHS = NO;
				CLANG_ANALYZER_NONNULL = YES;
				CLANG_ANALYZER_NUMBER_OBJECT_CONVERSION = YES_AGGRESSIVE;
				CLANG_CXX_LANGUAGE_STANDARD = "gnu++17";
				CLANG_ENABLE_MODULES = YES;
				CLANG_ENABLE_OBJC_ARC = YES;
				CLANG_ENABLE_OBJC_WEAK = YES;
				CLANG_WARN_BLOCK_CAPTURE_AUTORELEASING = YES;
				CLANG_WARN_BOOL_CONVERSION = YES;
				CLANG_WARN_COMMA = YES;
				CLANG_WARN_CONSTANT_CONVERSION = YES;
				CLANG_WARN_DEPRECATED_OBJC_IMPLEMENTATIONS = YES;
				CLANG_WARN_DIRECT_OBJC_ISA_USAGE = YES_ERROR;
				CLANG_WARN_DOCUMENTATION_COMMENTS = YES;
				CLANG_WARN_EMPTY_BODY = YES;
				CLANG_WARN_ENUM_CONVERSION = YES;
				CLANG_WARN_INFINITE_RECURSION = YES;
				CLANG_WARN_INT_CONVERSION = YES;
				CLANG_WARN_NON_LITERAL_NULL_CONVERSION = YES;
				CLANG_WARN_OBJC_IMPLICIT_RETAIN_SELF = YES;
				CLANG_WARN_OBJC_LITERAL_CONVERSION = YES;
				CLANG_WARN_OBJC_ROOT_CLASS = YES_ERROR;
				CLANG_WARN_QUOTED_INCLUDE_IN_FRAMEWORK_HEADER = YES;
				CLANG_WARN_RANGE_LOOP_ANALYSIS = YES;
				CLANG_WARN_STRICT_PROTOTYPES = YES;
				CLANG_WARN_SUSPICIOUS_MOVE = YES;
				CLANG_WARN_UNGUARDED_AVAILABILITY = YES_AGGRESSIVE;
				CLANG_WARN_UNREACHABLE_CODE = YES;
				CLANG_WARN__DUPLICATE_METHOD_MATCH = YES;
				COPY_PHASE_STRIP = NO;
				DEBUG_INFORMATION_FORMAT = "dwarf-with-dsym";
				ENABLE_NS_ASSERTIONS = NO;
				ENABLE_STRICT_OBJC_MSGSEND = YES;
				GCC_C_LANGUAGE_STANDARD = gnu11;
				GCC_NO_COMMON_BLOCKS = YES;
				GCC_WARN_64_TO_32_BIT_CONVERSION = YES;
				GCC_WARN_ABOUT_RETURN_TYPE = YES_ERROR;
				GCC_WARN_UNDECLARED_SELECTOR = YES;
				GCC_WARN_UNINITIALIZED_AUTOS = YES_AGGRESSIVE;
				GCC_WARN_UNUSED_FUNCTION = YES;
				GCC_WARN_UNUSED_VARIABLE = YES;
				IPHONEOS_DEPLOYMENT_TARGET = 15.4;
				MTL_ENABLE_DEBUG_INFO = NO;
				MTL_FAST_MATH = YES;
				SDKROOT = iphoneos;
				SWIFT_COMPILATION_MODE = wholemodule;
				SWIFT_OPTIMIZATION_LEVEL = "-O";
				VALIDATE_PRODUCT = YES;
			};
			name = Release;
		};
		1546E27228FD4641002CE3CF /* Debug */ = {
			isa = XCBuildConfiguration;
			buildSettings = {
				ASSETCATALOG_COMPILER_APPICON_NAME = AppIcon;
				ASSETCATALOG_COMPILER_GLOBAL_ACCENT_COLOR_NAME = AccentColor;
				CODE_SIGN_STYLE = Automatic;
				CURRENT_PROJECT_VERSION = 1;
				DEVELOPMENT_ASSET_PATHS = "\"CryptoApp/Preview Content\"";
				DEVELOPMENT_TEAM = PP55TUKCZU;
				ENABLE_PREVIEWS = YES;
				GENERATE_INFOPLIST_FILE = YES;
				INFOPLIST_KEY_UIApplicationSceneManifest_Generation = YES;
				INFOPLIST_KEY_UIApplicationSupportsIndirectInputEvents = YES;
				INFOPLIST_KEY_UILaunchStoryboardName = "Launch Screen";
				INFOPLIST_KEY_UISupportedInterfaceOrientations = UIInterfaceOrientationPortrait;
				INFOPLIST_KEY_UISupportedInterfaceOrientations_iPad = "UIInterfaceOrientationPortrait UIInterfaceOrientationPortraitUpsideDown UIInterfaceOrientationLandscapeLeft UIInterfaceOrientationLandscapeRight";
				INFOPLIST_KEY_UISupportedInterfaceOrientations_iPhone = "UIInterfaceOrientationPortrait UIInterfaceOrientationLandscapeLeft UIInterfaceOrientationLandscapeRight";
				IPHONEOS_DEPLOYMENT_TARGET = 14.0;
				LD_RUNPATH_SEARCH_PATHS = (
					"$(inherited)",
					"@executable_path/Frameworks",
				);
				MARKETING_VERSION = 1.0;
				PRODUCT_BUNDLE_IDENTIFIER = shurup.CryptoApp;
				PRODUCT_NAME = "Crypto Tracker";
				SWIFT_EMIT_LOC_STRINGS = YES;
				SWIFT_VERSION = 5.0;
				TARGETED_DEVICE_FAMILY = 1;
			};
			name = Debug;
		};
		1546E27328FD4641002CE3CF /* Release */ = {
			isa = XCBuildConfiguration;
			buildSettings = {
				ASSETCATALOG_COMPILER_APPICON_NAME = AppIcon;
				ASSETCATALOG_COMPILER_GLOBAL_ACCENT_COLOR_NAME = AccentColor;
				CODE_SIGN_STYLE = Automatic;
				CURRENT_PROJECT_VERSION = 1;
				DEVELOPMENT_ASSET_PATHS = "\"CryptoApp/Preview Content\"";
				DEVELOPMENT_TEAM = PP55TUKCZU;
				ENABLE_PREVIEWS = YES;
				GENERATE_INFOPLIST_FILE = YES;
				INFOPLIST_KEY_UIApplicationSceneManifest_Generation = YES;
				INFOPLIST_KEY_UIApplicationSupportsIndirectInputEvents = YES;
				INFOPLIST_KEY_UILaunchStoryboardName = "Launch Screen";
				INFOPLIST_KEY_UISupportedInterfaceOrientations = UIInterfaceOrientationPortrait;
				INFOPLIST_KEY_UISupportedInterfaceOrientations_iPad = "UIInterfaceOrientationPortrait UIInterfaceOrientationPortraitUpsideDown UIInterfaceOrientationLandscapeLeft UIInterfaceOrientationLandscapeRight";
				INFOPLIST_KEY_UISupportedInterfaceOrientations_iPhone = "UIInterfaceOrientationPortrait UIInterfaceOrientationLandscapeLeft UIInterfaceOrientationLandscapeRight";
				IPHONEOS_DEPLOYMENT_TARGET = 14.0;
				LD_RUNPATH_SEARCH_PATHS = (
					"$(inherited)",
					"@executable_path/Frameworks",
				);
				MARKETING_VERSION = 1.0;
				PRODUCT_BUNDLE_IDENTIFIER = shurup.CryptoApp;
				PRODUCT_NAME = "Crypto Tracker";
				SWIFT_EMIT_LOC_STRINGS = YES;
				SWIFT_VERSION = 5.0;
				TARGETED_DEVICE_FAMILY = 1;
			};
			name = Release;
		};
/* End XCBuildConfiguration section */

/* Begin XCConfigurationList section */
		1546E25E28FD463E002CE3CF /* Build configuration list for PBXProject "CryptoApp" */ = {
			isa = XCConfigurationList;
			buildConfigurations = (
				1546E26F28FD4641002CE3CF /* Debug */,
				1546E27028FD4641002CE3CF /* Release */,
			);
			defaultConfigurationIsVisible = 0;
			defaultConfigurationName = Release;
		};
		1546E27128FD4641002CE3CF /* Build configuration list for PBXNativeTarget "CryptoApp" */ = {
			isa = XCConfigurationList;
			buildConfigurations = (
				1546E27228FD4641002CE3CF /* Debug */,
				1546E27328FD4641002CE3CF /* Release */,
			);
			defaultConfigurationIsVisible = 0;
			defaultConfigurationName = Release;
		};
/* End XCConfigurationList section */

/* Begin XCVersionGroup section */
		15ABE66E290708E1001C38C6 /* PortfolioContainer.xcdatamodeld */ = {
			isa = XCVersionGroup;
			children = (
				15ABE66F290708E1001C38C6 /* PortfolioContainer.xcdatamodel */,
			);
			currentVersion = 15ABE66F290708E1001C38C6 /* PortfolioContainer.xcdatamodel */;
			path = PortfolioContainer.xcdatamodeld;
			sourceTree = "<group>";
			versionGroupType = wrapper.xcdatamodel;
		};
/* End XCVersionGroup section */
	};
	rootObject = 1546E25B28FD463E002CE3CF /* Project object */;
}
